Microsoft Visual Studio Solution File, Format Version 12.00
# Visual Studio Version 16
VisualStudioVersion = 16.0.31624.102
MinimumVisualStudioVersion = 10.0.40219.1
Project("{9A19103F-16F7-4668-BE54-9A1E7A4F7556}") = "CinemaBot.Service", "src\CinemaBot.Service\CinemaBot.Service.csproj", "{A0A0A0A0-1111-4222-8333-111111111111}"
EndProject
Project("{9A19103F-16F7-4668-BE54-9A1E7A4F7556}") = "CinemaBot.Watchdog", "src\CinemaBot.Watchdog\CinemaBot.Watchdog.csproj", "{B0B0B0B0-1111-4222-8333-222222222222}"
EndProject
Global
	GlobalSection(SolutionConfigurationPlatforms) = preSolution
		Debug|Any CPU = Debug|Any CPU
		Release|Any CPU = Release|Any CPU
	EndGlobalSection
	GlobalSection(ProjectConfigurationPlatforms) = postSolution
		{A0A0A0A0-1111-4222-8333-111111111111}.Debug|Any CPU.ActiveCfg = Debug|Any CPU
		{A0A0A0A0-1111-4222-8333-111111111111}.Debug|Any CPU.Build.0 = Debug|Any CPU
		{A0A0A0A0-1111-4222-8333-111111111111}.Release|Any CPU.ActiveCfg = Release|Any CPU
		{A0A0A0A0-1111-4222-8333-111111111111}.Release|Any CPU.Build.0 = Release|Any CPU
		{B0B0B0B0-1111-4222-8333-222222222222}.Debug|Any CPU.ActiveCfg = Debug|Any CPU
		{B0B0B0B0-1111-4222-8333-222222222222}.Debug|Any CPU.Build.0 = Debug|Any CPU
		{B0B0B0B0-1111-4222-8333-222222222222}.Release|Any CPU.ActiveCfg = Release|Any CPU
		{B0B0B0B0-1111-4222-8333-222222222222}.Release|Any CPU.Build.0 = Release|Any CPU
	EndGlobalSection
	GlobalSection(SolutionProperties) = preSolution
		HideSolutionNode = FALSE
	EndGlobalSection
	GlobalSection(ExtensibilityGlobals) = postSolution
		SolutionGuid = {DC5D21E2-EE3A-4D1F-87D3-33C196B29244}
	EndGlobalSection
EndGlobal
